// !$*UTF8*$!
{
	archiveVersion = 1;
	classes = {
	};
	objectVersion = 46;
	objects = {

/* Begin PBXBuildFile section */
		480FFE7C1B5E0CD70045556A /* Demo7ViewController.swift in Sources */ = {isa = PBXBuildFile; fileRef = 480FFE7B1B5E0CD70045556A /* Demo7ViewController.swift */; };
		48143ECE1B67804A008DE6F3 /* MLProgressHUD.swift in Sources */ = {isa = PBXBuildFile; fileRef = 48143ECD1B67804A008DE6F3 /* MLProgressHUD.swift */; };
		4828C4D11B5E7E1500DA9F52 /* MBBaseViewController.swift in Sources */ = {isa = PBXBuildFile; fileRef = 4828C4BF1B5E7E1500DA9F52 /* MBBaseViewController.swift */; };
		4828C4D21B5E7E1500DA9F52 /* MBNavigationBarView.swift in Sources */ = {isa = PBXBuildFile; fileRef = 4828C4C01B5E7E1500DA9F52 /* MBNavigationBarView.swift */; };
		4828C4D31B5E7E1500DA9F52 /* MBNavigationViewController.swift in Sources */ = {isa = PBXBuildFile; fileRef = 4828C4C11B5E7E1500DA9F52 /* MBNavigationViewController.swift */; };
		4828C4DB1B5E7E1500DA9F52 /* MBBaseVisualHeaderView.swift in Sources */ = {isa = PBXBuildFile; fileRef = 4828C4CD1B5E7E1500DA9F52 /* MBBaseVisualHeaderView.swift */; };
		4828C4DC1B5E7E1500DA9F52 /* MBBaseVisualViewController.swift in Sources */ = {isa = PBXBuildFile; fileRef = 4828C4CE1B5E7E1500DA9F52 /* MBBaseVisualViewController.swift */; };
		4828C4E11B5E821B00DA9F52 /* MBBaseCommon.swift in Sources */ = {isa = PBXBuildFile; fileRef = 4828C4E01B5E821B00DA9F52 /* MBBaseCommon.swift */; };
		4828C5141B60D01B00DA9F52 /* Demo8ViewController.swift in Sources */ = {isa = PBXBuildFile; fileRef = 4828C5131B60D01B00DA9F52 /* Demo8ViewController.swift */; };
		4837F3621B94620600B3FA41 /* MLPhotoPickerBrowserScrollView.swift in Sources */ = {isa = PBXBuildFile; fileRef = 4837F3611B94620600B3FA41 /* MLPhotoPickerBrowserScrollView.swift */; };
		4849872F1B4A5A1200051493 /* AppDelegate.swift in Sources */ = {isa = PBXBuildFile; fileRef = 4849872E1B4A5A1200051493 /* AppDelegate.swift */; };
		484987311B4A5A1200051493 /* ViewController.swift in Sources */ = {isa = PBXBuildFile; fileRef = 484987301B4A5A1200051493 /* ViewController.swift */; };
		484987341B4A5A1200051493 /* Main.storyboard in Resources */ = {isa = PBXBuildFile; fileRef = 484987321B4A5A1200051493 /* Main.storyboard */; };
		484987361B4A5A1200051493 /* Images.xcassets in Resources */ = {isa = PBXBuildFile; fileRef = 484987351B4A5A1200051493 /* Images.xcassets */; };
		484987391B4A5A1200051493 /* LaunchScreen.xib in Resources */ = {isa = PBXBuildFile; fileRef = 484987371B4A5A1200051493 /* LaunchScreen.xib */; };
		484987451B4A5A1300051493 /* MLSwiftBasicTests.swift in Sources */ = {isa = PBXBuildFile; fileRef = 484987441B4A5A1300051493 /* MLSwiftBasicTests.swift */; };
		484987631B4A5F4500051493 /* Demo1ViewController.swift in Sources */ = {isa = PBXBuildFile; fileRef = 484987621B4A5F4500051493 /* Demo1ViewController.swift */; };
		484987671B4A665600051493 /* Demo2ViewController.swift in Sources */ = {isa = PBXBuildFile; fileRef = 484987661B4A665600051493 /* Demo2ViewController.swift */; };
		484E246F1B93F918007C0FCB /* MLPhotoPickerBrowserViewController.swift in Sources */ = {isa = PBXBuildFile; fileRef = 484E246E1B93F918007C0FCB /* MLPhotoPickerBrowserViewController.swift */; };
		486CC1471B91B92800798F68 /* MLPhotoCollectionView.swift in Sources */ = {isa = PBXBuildFile; fileRef = 486CC1461B91B92800798F68 /* MLPhotoCollectionView.swift */; };
		486CC1491B91BC8B00798F68 /* MLPhotoPicker.bundle in Resources */ = {isa = PBXBuildFile; fileRef = 486CC1481B91BC8B00798F68 /* MLPhotoPicker.bundle */; };
		486DA3021B906BC000DD2DC1 /* MLPhotoAssetsViewController.swift in Sources */ = {isa = PBXBuildFile; fileRef = 486DA3011B906BC000DD2DC1 /* MLPhotoAssetsViewController.swift */; };
		486DA3041B906E8300DD2DC1 /* MLPhotoAssetsCell.swift in Sources */ = {isa = PBXBuildFile; fileRef = 486DA3031B906E8300DD2DC1 /* MLPhotoAssetsCell.swift */; };
		487C43A11B97E43C001574F2 /* MB+Array.swift in Sources */ = {isa = PBXBuildFile; fileRef = 487C439D1B97E43C001574F2 /* MB+Array.swift */; };
		487C43A21B97E43C001574F2 /* MB+UIColor.swift in Sources */ = {isa = PBXBuildFile; fileRef = 487C439E1B97E43C001574F2 /* MB+UIColor.swift */; };
		487C43A31B97E43C001574F2 /* MB+UIImageView.swift in Sources */ = {isa = PBXBuildFile; fileRef = 487C439F1B97E43C001574F2 /* MB+UIImageView.swift */; };
		487C43A41B97E43C001574F2 /* MBIBDesignableExtension.swift in Sources */ = {isa = PBXBuildFile; fileRef = 487C43A01B97E43C001574F2 /* MBIBDesignableExtension.swift */; };
		487D67A51B5BB46E007871CF /* Demo5ViewController.swift in Sources */ = {isa = PBXBuildFile; fileRef = 487D67A41B5BB46E007871CF /* Demo5ViewController.swift */; };
		487D67AC1B5BE240007871CF /* Demo6ViewController.swift in Sources */ = {isa = PBXBuildFile; fileRef = 487D67AB1B5BE240007871CF /* Demo6ViewController.swift */; };
		4880A3931B98B08B009D9644 /* ZLSwiftRefresh.bundle in Resources */ = {isa = PBXBuildFile; fileRef = 4880A38E1B98B08B009D9644 /* ZLSwiftRefresh.bundle */; };
		4880A3961B992FEF009D9644 /* Demo9ViewController.swift in Sources */ = {isa = PBXBuildFile; fileRef = 4880A3951B992FEF009D9644 /* Demo9ViewController.swift */; };
		4880A39D1B994C07009D9644 /* ZLSwiftConstDefine.swift in Sources */ = {isa = PBXBuildFile; fileRef = 4880A3991B994C07009D9644 /* ZLSwiftConstDefine.swift */; };
		4880A39E1B994C07009D9644 /* ZLSwiftFootView.swift in Sources */ = {isa = PBXBuildFile; fileRef = 4880A39A1B994C07009D9644 /* ZLSwiftFootView.swift */; };
		4880A39F1B994C07009D9644 /* ZLSwiftHeadView.swift in Sources */ = {isa = PBXBuildFile; fileRef = 4880A39B1B994C07009D9644 /* ZLSwiftHeadView.swift */; };
		4880A3A01B994C07009D9644 /* ZLSwiftRefreshExtension.swift in Sources */ = {isa = PBXBuildFile; fileRef = 4880A39C1B994C07009D9644 /* ZLSwiftRefreshExtension.swift */; };
		488E37071B930687003C37D1 /* MLPhotoAssetsFooterView.swift in Sources */ = {isa = PBXBuildFile; fileRef = 488E37061B930687003C37D1 /* MLPhotoAssetsFooterView.swift */; };
		48B730EA1B8F1F0200BB20D4 /* MLPhotoPickerViewController.swift in Sources */ = {isa = PBXBuildFile; fileRef = 48B730E91B8F1F0200BB20D4 /* MLPhotoPickerViewController.swift */; };
		48B730EC1B8F20F700BB20D4 /* MLPhotoPickerDAO.swift in Sources */ = {isa = PBXBuildFile; fileRef = 48B730EB1B8F20F700BB20D4 /* MLPhotoPickerDAO.swift */; };
		48B730F21B902BC500BB20D4 /* MLPhotoGruopViewController.swift in Sources */ = {isa = PBXBuildFile; fileRef = 48B730F11B902BC500BB20D4 /* MLPhotoGruopViewController.swift */; };
		48B730F51B90667800BB20D4 /* MLPhotoPickerGroupCell.swift in Sources */ = {isa = PBXBuildFile; fileRef = 48B730F41B90667800BB20D4 /* MLPhotoPickerGroupCell.swift */; };
		48EB19A61B4A6FA500F75A5F /* makezl.jpeg in Resources */ = {isa = PBXBuildFile; fileRef = 48EB19A51B4A6FA500F75A5F /* makezl.jpeg */; };
		48EB19A81B4A75D600F75A5F /* Demo3ViewController.swift in Sources */ = {isa = PBXBuildFile; fileRef = 48EB19A71B4A75D600F75A5F /* Demo3ViewController.swift */; };
		48EB19AA1B4A7F0400F75A5F /* Demo4ViewController.swift in Sources */ = {isa = PBXBuildFile; fileRef = 48EB19A91B4A7F0400F75A5F /* Demo4ViewController.swift */; };
/* End PBXBuildFile section */

/* Begin PBXContainerItemProxy section */
		4849873F1B4A5A1300051493 /* PBXContainerItemProxy */ = {
			isa = PBXContainerItemProxy;
			containerPortal = 484987211B4A5A1200051493 /* Project object */;
			proxyType = 1;
			remoteGlobalIDString = 484987281B4A5A1200051493;
			remoteInfo = MLSwiftBasic;
		};
/* End PBXContainerItemProxy section */

/* Begin PBXFileReference section */
		480FFE7B1B5E0CD70045556A /* Demo7ViewController.swift */ = {isa = PBXFileReference; fileEncoding = 4; lastKnownFileType = sourcecode.swift; path = Demo7ViewController.swift; sourceTree = "<group>"; };
		48143ECD1B67804A008DE6F3 /* MLProgressHUD.swift */ = {isa = PBXFileReference; fileEncoding = 4; lastKnownFileType = sourcecode.swift; path = MLProgressHUD.swift; sourceTree = "<group>"; };
		4828C4BF1B5E7E1500DA9F52 /* MBBaseViewController.swift */ = {isa = PBXFileReference; fileEncoding = 4; lastKnownFileType = sourcecode.swift; path = MBBaseViewController.swift; sourceTree = "<group>"; };
		4828C4C01B5E7E1500DA9F52 /* MBNavigationBarView.swift */ = {isa = PBXFileReference; fileEncoding = 4; lastKnownFileType = sourcecode.swift; path = MBNavigationBarView.swift; sourceTree = "<group>"; };
		4828C4C11B5E7E1500DA9F52 /* MBNavigationViewController.swift */ = {isa = PBXFileReference; fileEncoding = 4; lastKnownFileType = sourcecode.swift; path = MBNavigationViewController.swift; sourceTree = "<group>"; };
		4828C4CD1B5E7E1500DA9F52 /* MBBaseVisualHeaderView.swift */ = {isa = PBXFileReference; fileEncoding = 4; lastKnownFileType = sourcecode.swift; path = MBBaseVisualHeaderView.swift; sourceTree = "<group>"; };
		4828C4CE1B5E7E1500DA9F52 /* MBBaseVisualViewController.swift */ = {isa = PBXFileReference; fileEncoding = 4; lastKnownFileType = sourcecode.swift; path = MBBaseVisualViewController.swift; sourceTree = "<group>"; };
		4828C4E01B5E821B00DA9F52 /* MBBaseCommon.swift */ = {isa = PBXFileReference; fileEncoding = 4; lastKnownFileType = sourcecode.swift; path = MBBaseCommon.swift; sourceTree = "<group>"; };
		4828C5131B60D01B00DA9F52 /* Demo8ViewController.swift */ = {isa = PBXFileReference; fileEncoding = 4; lastKnownFileType = sourcecode.swift; path = Demo8ViewController.swift; sourceTree = "<group>"; };
		4837F3611B94620600B3FA41 /* MLPhotoPickerBrowserScrollView.swift */ = {isa = PBXFileReference; fileEncoding = 4; lastKnownFileType = sourcecode.swift; path = MLPhotoPickerBrowserScrollView.swift; sourceTree = "<group>"; };
		484987291B4A5A1200051493 /* MLSwiftBasic.app */ = {isa = PBXFileReference; explicitFileType = wrapper.application; includeInIndex = 0; path = MLSwiftBasic.app; sourceTree = BUILT_PRODUCTS_DIR; };
		4849872D1B4A5A1200051493 /* Info.plist */ = {isa = PBXFileReference; lastKnownFileType = text.plist.xml; path = Info.plist; sourceTree = "<group>"; };
		4849872E1B4A5A1200051493 /* AppDelegate.swift */ = {isa = PBXFileReference; lastKnownFileType = sourcecode.swift; path = AppDelegate.swift; sourceTree = "<group>"; };
		484987301B4A5A1200051493 /* ViewController.swift */ = {isa = PBXFileReference; lastKnownFileType = sourcecode.swift; path = ViewController.swift; sourceTree = "<group>"; };
		484987331B4A5A1200051493 /* Base */ = {isa = PBXFileReference; lastKnownFileType = file.storyboard; name = Base; path = Base.lproj/Main.storyboard; sourceTree = "<group>"; };
		484987351B4A5A1200051493 /* Images.xcassets */ = {isa = PBXFileReference; lastKnownFileType = folder.assetcatalog; path = Images.xcassets; sourceTree = "<group>"; };
		484987381B4A5A1200051493 /* Base */ = {isa = PBXFileReference; lastKnownFileType = file.xib; name = Base; path = Base.lproj/LaunchScreen.xib; sourceTree = "<group>"; };
		4849873E1B4A5A1300051493 /* MLSwiftBasicTests.xctest */ = {isa = PBXFileReference; explicitFileType = wrapper.cfbundle; includeInIndex = 0; path = MLSwiftBasicTests.xctest; sourceTree = BUILT_PRODUCTS_DIR; };
		484987431B4A5A1300051493 /* Info.plist */ = {isa = PBXFileReference; lastKnownFileType = text.plist.xml; path = Info.plist; sourceTree = "<group>"; };
		484987441B4A5A1300051493 /* MLSwiftBasicTests.swift */ = {isa = PBXFileReference; lastKnownFileType = sourcecode.swift; path = MLSwiftBasicTests.swift; sourceTree = "<group>"; };
		484987621B4A5F4500051493 /* Demo1ViewController.swift */ = {isa = PBXFileReference; fileEncoding = 4; lastKnownFileType = sourcecode.swift; path = Demo1ViewController.swift; sourceTree = "<group>"; };
		484987661B4A665600051493 /* Demo2ViewController.swift */ = {isa = PBXFileReference; fileEncoding = 4; lastKnownFileType = sourcecode.swift; path = Demo2ViewController.swift; sourceTree = "<group>"; };
		484E246E1B93F918007C0FCB /* MLPhotoPickerBrowserViewController.swift */ = {isa = PBXFileReference; fileEncoding = 4; lastKnownFileType = sourcecode.swift; path = MLPhotoPickerBrowserViewController.swift; sourceTree = "<group>"; };
		486CC1461B91B92800798F68 /* MLPhotoCollectionView.swift */ = {isa = PBXFileReference; fileEncoding = 4; lastKnownFileType = sourcecode.swift; path = MLPhotoCollectionView.swift; sourceTree = "<group>"; };
		486CC1481B91BC8B00798F68 /* MLPhotoPicker.bundle */ = {isa = PBXFileReference; lastKnownFileType = "wrapper.plug-in"; path = MLPhotoPicker.bundle; sourceTree = "<group>"; };
		486DA3011B906BC000DD2DC1 /* MLPhotoAssetsViewController.swift */ = {isa = PBXFileReference; fileEncoding = 4; lastKnownFileType = sourcecode.swift; path = MLPhotoAssetsViewController.swift; sourceTree = "<group>"; };
		486DA3031B906E8300DD2DC1 /* MLPhotoAssetsCell.swift */ = {isa = PBXFileReference; fileEncoding = 4; lastKnownFileType = sourcecode.swift; path = MLPhotoAssetsCell.swift; sourceTree = "<group>"; };
		487C439D1B97E43C001574F2 /* MB+Array.swift */ = {isa = PBXFileReference; fileEncoding = 4; lastKnownFileType = sourcecode.swift; path = "MB+Array.swift"; sourceTree = "<group>"; };
		487C439E1B97E43C001574F2 /* MB+UIColor.swift */ = {isa = PBXFileReference; fileEncoding = 4; lastKnownFileType = sourcecode.swift; path = "MB+UIColor.swift"; sourceTree = "<group>"; };
		487C439F1B97E43C001574F2 /* MB+UIImageView.swift */ = {isa = PBXFileReference; fileEncoding = 4; lastKnownFileType = sourcecode.swift; path = "MB+UIImageView.swift"; sourceTree = "<group>"; };
		487C43A01B97E43C001574F2 /* MBIBDesignableExtension.swift */ = {isa = PBXFileReference; fileEncoding = 4; lastKnownFileType = sourcecode.swift; path = MBIBDesignableExtension.swift; sourceTree = "<group>"; };
		487D67A41B5BB46E007871CF /* Demo5ViewController.swift */ = {isa = PBXFileReference; fileEncoding = 4; lastKnownFileType = sourcecode.swift; path = Demo5ViewController.swift; sourceTree = "<group>"; };
		487D67AB1B5BE240007871CF /* Demo6ViewController.swift */ = {isa = PBXFileReference; fileEncoding = 4; lastKnownFileType = sourcecode.swift; path = Demo6ViewController.swift; sourceTree = "<group>"; };
		4880A38E1B98B08B009D9644 /* ZLSwiftRefresh.bundle */ = {isa = PBXFileReference; lastKnownFileType = "wrapper.plug-in"; path = ZLSwiftRefresh.bundle; sourceTree = "<group>"; };
		4880A3951B992FEF009D9644 /* Demo9ViewController.swift */ = {isa = PBXFileReference; fileEncoding = 4; lastKnownFileType = sourcecode.swift; path = Demo9ViewController.swift; sourceTree = "<group>"; };
		4880A3991B994C07009D9644 /* ZLSwiftConstDefine.swift */ = {isa = PBXFileReference; fileEncoding = 4; lastKnownFileType = sourcecode.swift; path = ZLSwiftConstDefine.swift; sourceTree = "<group>"; };
		4880A39A1B994C07009D9644 /* ZLSwiftFootView.swift */ = {isa = PBXFileReference; fileEncoding = 4; lastKnownFileType = sourcecode.swift; path = ZLSwiftFootView.swift; sourceTree = "<group>"; };
		4880A39B1B994C07009D9644 /* ZLSwiftHeadView.swift */ = {isa = PBXFileReference; fileEncoding = 4; lastKnownFileType = sourcecode.swift; path = ZLSwiftHeadView.swift; sourceTree = "<group>"; };
		4880A39C1B994C07009D9644 /* ZLSwiftRefreshExtension.swift */ = {isa = PBXFileReference; fileEncoding = 4; lastKnownFileType = sourcecode.swift; path = ZLSwiftRefreshExtension.swift; sourceTree = "<group>"; };
		488E37061B930687003C37D1 /* MLPhotoAssetsFooterView.swift */ = {isa = PBXFileReference; fileEncoding = 4; lastKnownFileType = sourcecode.swift; path = MLPhotoAssetsFooterView.swift; sourceTree = "<group>"; };
		48B730E91B8F1F0200BB20D4 /* MLPhotoPickerViewController.swift */ = {isa = PBXFileReference; fileEncoding = 4; lastKnownFileType = sourcecode.swift; path = MLPhotoPickerViewController.swift; sourceTree = "<group>"; };
		48B730EB1B8F20F700BB20D4 /* MLPhotoPickerDAO.swift */ = {isa = PBXFileReference; fileEncoding = 4; lastKnownFileType = sourcecode.swift; path = MLPhotoPickerDAO.swift; sourceTree = "<group>"; };
		48B730F11B902BC500BB20D4 /* MLPhotoGruopViewController.swift */ = {isa = PBXFileReference; fileEncoding = 4; lastKnownFileType = sourcecode.swift; path = MLPhotoGruopViewController.swift; sourceTree = "<group>"; };
		48B730F41B90667800BB20D4 /* MLPhotoPickerGroupCell.swift */ = {isa = PBXFileReference; fileEncoding = 4; lastKnownFileType = sourcecode.swift; path = MLPhotoPickerGroupCell.swift; sourceTree = "<group>"; };
		48EB19A51B4A6FA500F75A5F /* makezl.jpeg */ = {isa = PBXFileReference; lastKnownFileType = image.jpeg; path = makezl.jpeg; sourceTree = "<group>"; };
		48EB19A71B4A75D600F75A5F /* Demo3ViewController.swift */ = {isa = PBXFileReference; fileEncoding = 4; lastKnownFileType = sourcecode.swift; path = Demo3ViewController.swift; sourceTree = "<group>"; };
		48EB19A91B4A7F0400F75A5F /* Demo4ViewController.swift */ = {isa = PBXFileReference; fileEncoding = 4; lastKnownFileType = sourcecode.swift; path = Demo4ViewController.swift; sourceTree = "<group>"; };
/* End PBXFileReference section */

/* Begin PBXFrameworksBuildPhase section */
		484987261B4A5A1200051493 /* Frameworks */ = {
			isa = PBXFrameworksBuildPhase;
			buildActionMask = 2147483647;
			files = (
			);
			runOnlyForDeploymentPostprocessing = 0;
		};
		4849873B1B4A5A1300051493 /* Frameworks */ = {
			isa = PBXFrameworksBuildPhase;
			buildActionMask = 2147483647;
			files = (
			);
			runOnlyForDeploymentPostprocessing = 0;
		};
/* End PBXFrameworksBuildPhase section */

/* Begin PBXGroup section */
		48143ECC1B67804A008DE6F3 /* ProgressHUD */ = {
			isa = PBXGroup;
			children = (
				48143ECD1B67804A008DE6F3 /* MLProgressHUD.swift */,
			);
			path = ProgressHUD;
			sourceTree = "<group>";
		};
		4828C4BB1B5E7E1500DA9F52 /* MLSwiftBasic */ = {
			isa = PBXGroup;
			children = (
				4828C4BC1B5E7E1500DA9F52 /* Classes */,
			);
			name = MLSwiftBasic;
			path = ../../MLSwiftBasic;
			sourceTree = "<group>";
		};
		4828C4BC1B5E7E1500DA9F52 /* Classes */ = {
			isa = PBXGroup;
			children = (
				4880A38A1B98B08B009D9644 /* Refresh */,
				48B730E81B8F1EC700BB20D4 /* PhotoPicker */,
				48143ECC1B67804A008DE6F3 /* ProgressHUD */,
				4828C4BD1B5E7E1500DA9F52 /* Base */,
				4828C4CC1B5E7E1500DA9F52 /* Visual */,
			);
			path = Classes;
			sourceTree = "<group>";
		};
		4828C4BD1B5E7E1500DA9F52 /* Base */ = {
			isa = PBXGroup;
			children = (
				487C439C1B97E43C001574F2 /* Category */,
				4828C4E01B5E821B00DA9F52 /* MBBaseCommon.swift */,
				4828C4BF1B5E7E1500DA9F52 /* MBBaseViewController.swift */,
				4828C4C01B5E7E1500DA9F52 /* MBNavigationBarView.swift */,
				4828C4C11B5E7E1500DA9F52 /* MBNavigationViewController.swift */,
			);
			path = Base;
			sourceTree = "<group>";
		};
		4828C4CC1B5E7E1500DA9F52 /* Visual */ = {
			isa = PBXGroup;
			children = (
				4828C4CD1B5E7E1500DA9F52 /* MBBaseVisualHeaderView.swift */,
				4828C4CE1B5E7E1500DA9F52 /* MBBaseVisualViewController.swift */,
			);
			path = Visual;
			sourceTree = "<group>";
		};
		484987201B4A5A1200051493 = {
			isa = PBXGroup;
			children = (
				4849872B1B4A5A1200051493 /* MLSwiftBasic */,
				484987411B4A5A1300051493 /* MLSwiftBasicTests */,
				4849872A1B4A5A1200051493 /* Products */,
			);
			sourceTree = "<group>";
		};
		4849872A1B4A5A1200051493 /* Products */ = {
			isa = PBXGroup;
			children = (
				484987291B4A5A1200051493 /* MLSwiftBasic.app */,
				4849873E1B4A5A1300051493 /* MLSwiftBasicTests.xctest */,
			);
			name = Products;
			sourceTree = "<group>";
		};
		4849872B1B4A5A1200051493 /* MLSwiftBasic */ = {
			isa = PBXGroup;
			children = (
				4828C4BB1B5E7E1500DA9F52 /* MLSwiftBasic */,
				484987611B4A5F3A00051493 /* Demo */,
				4849872E1B4A5A1200051493 /* AppDelegate.swift */,
				484987301B4A5A1200051493 /* ViewController.swift */,
				484987321B4A5A1200051493 /* Main.storyboard */,
				484987351B4A5A1200051493 /* Images.xcassets */,
				484987371B4A5A1200051493 /* LaunchScreen.xib */,
				4849872C1B4A5A1200051493 /* Supporting Files */,
			);
			path = MLSwiftBasic;
			sourceTree = "<group>";
		};
		4849872C1B4A5A1200051493 /* Supporting Files */ = {
			isa = PBXGroup;
			children = (
				4849872D1B4A5A1200051493 /* Info.plist */,
			);
			name = "Supporting Files";
			sourceTree = "<group>";
		};
		484987411B4A5A1300051493 /* MLSwiftBasicTests */ = {
			isa = PBXGroup;
			children = (
				484987441B4A5A1300051493 /* MLSwiftBasicTests.swift */,
				484987421B4A5A1300051493 /* Supporting Files */,
			);
			path = MLSwiftBasicTests;
			sourceTree = "<group>";
		};
		484987421B4A5A1300051493 /* Supporting Files */ = {
			isa = PBXGroup;
			children = (
				484987431B4A5A1300051493 /* Info.plist */,
			);
			name = "Supporting Files";
			sourceTree = "<group>";
		};
		484987611B4A5F3A00051493 /* Demo */ = {
			isa = PBXGroup;
			children = (
				48EB19A51B4A6FA500F75A5F /* makezl.jpeg */,
				484987621B4A5F4500051493 /* Demo1ViewController.swift */,
				484987661B4A665600051493 /* Demo2ViewController.swift */,
				48EB19A71B4A75D600F75A5F /* Demo3ViewController.swift */,
				48EB19A91B4A7F0400F75A5F /* Demo4ViewController.swift */,
				487D67A41B5BB46E007871CF /* Demo5ViewController.swift */,
				487D67AB1B5BE240007871CF /* Demo6ViewController.swift */,
				480FFE7B1B5E0CD70045556A /* Demo7ViewController.swift */,
				4828C5131B60D01B00DA9F52 /* Demo8ViewController.swift */,
				4880A3951B992FEF009D9644 /* Demo9ViewController.swift */,
			);
			path = Demo;
			sourceTree = "<group>";
		};
		487C439C1B97E43C001574F2 /* Category */ = {
			isa = PBXGroup;
			children = (
				487C439D1B97E43C001574F2 /* MB+Array.swift */,
				487C439E1B97E43C001574F2 /* MB+UIColor.swift */,
				487C439F1B97E43C001574F2 /* MB+UIImageView.swift */,
				487C43A01B97E43C001574F2 /* MBIBDesignableExtension.swift */,
			);
			path = Category;
			sourceTree = "<group>";
		};
		4880A38A1B98B08B009D9644 /* Refresh */ = {
			isa = PBXGroup;
			children = (
				4880A3991B994C07009D9644 /* ZLSwiftConstDefine.swift */,
				4880A39A1B994C07009D9644 /* ZLSwiftFootView.swift */,
				4880A39B1B994C07009D9644 /* ZLSwiftHeadView.swift */,
				4880A39C1B994C07009D9644 /* ZLSwiftRefreshExtension.swift */,
				4880A38E1B98B08B009D9644 /* ZLSwiftRefresh.bundle */,
			);
			path = Refresh;
			sourceTree = "<group>";
		};
		48B730E81B8F1EC700BB20D4 /* PhotoPicker */ = {
			isa = PBXGroup;
			children = (
				486CC1481B91BC8B00798F68 /* MLPhotoPicker.bundle */,
				48B730E91B8F1F0200BB20D4 /* MLPhotoPickerViewController.swift */,
				48B730EB1B8F20F700BB20D4 /* MLPhotoPickerDAO.swift */,
				48B730F11B902BC500BB20D4 /* MLPhotoGruopViewController.swift */,
				48B730F41B90667800BB20D4 /* MLPhotoPickerGroupCell.swift */,
				486DA3011B906BC000DD2DC1 /* MLPhotoAssetsViewController.swift */,
				486DA3031B906E8300DD2DC1 /* MLPhotoAssetsCell.swift */,
				486CC1461B91B92800798F68 /* MLPhotoCollectionView.swift */,
				488E37061B930687003C37D1 /* MLPhotoAssetsFooterView.swift */,
				484E246E1B93F918007C0FCB /* MLPhotoPickerBrowserViewController.swift */,
				4837F3611B94620600B3FA41 /* MLPhotoPickerBrowserScrollView.swift */,
			);
			path = PhotoPicker;
			sourceTree = "<group>";
		};
/* End PBXGroup section */

/* Begin PBXNativeTarget section */
		484987281B4A5A1200051493 /* MLSwiftBasic */ = {
			isa = PBXNativeTarget;
			buildConfigurationList = 484987481B4A5A1300051493 /* Build configuration list for PBXNativeTarget "MLSwiftBasic" */;
			buildPhases = (
				484987251B4A5A1200051493 /* Sources */,
				484987261B4A5A1200051493 /* Frameworks */,
				484987271B4A5A1200051493 /* Resources */,
			);
			buildRules = (
			);
			dependencies = (
			);
			name = MLSwiftBasic;
			productName = MLSwiftBasic;
			productReference = 484987291B4A5A1200051493 /* MLSwiftBasic.app */;
			productType = "com.apple.product-type.application";
		};
		4849873D1B4A5A1300051493 /* MLSwiftBasicTests */ = {
			isa = PBXNativeTarget;
			buildConfigurationList = 4849874B1B4A5A1300051493 /* Build configuration list for PBXNativeTarget "MLSwiftBasicTests" */;
			buildPhases = (
				4849873A1B4A5A1300051493 /* Sources */,
				4849873B1B4A5A1300051493 /* Frameworks */,
				4849873C1B4A5A1300051493 /* Resources */,
			);
			buildRules = (
			);
			dependencies = (
				484987401B4A5A1300051493 /* PBXTargetDependency */,
			);
			name = MLSwiftBasicTests;
			productName = MLSwiftBasicTests;
			productReference = 4849873E1B4A5A1300051493 /* MLSwiftBasicTests.xctest */;
			productType = "com.apple.product-type.bundle.unit-test";
		};
/* End PBXNativeTarget section */

/* Begin PBXProject section */
		484987211B4A5A1200051493 /* Project object */ = {
			isa = PBXProject;
			attributes = {
				LastUpgradeCheck = 0630;
				ORGANIZATIONNAME = MakeZL;
				TargetAttributes = {
					484987281B4A5A1200051493 = {
						CreatedOnToolsVersion = 6.3.2;
					};
					4849873D1B4A5A1300051493 = {
						CreatedOnToolsVersion = 6.3.2;
						TestTargetID = 484987281B4A5A1200051493;
					};
				};
			};
			buildConfigurationList = 484987241B4A5A1200051493 /* Build configuration list for PBXProject "MLSwiftBasic" */;
			compatibilityVersion = "Xcode 3.2";
			developmentRegion = English;
			hasScannedForEncodings = 0;
			knownRegions = (
				en,
				Base,
			);
			mainGroup = 484987201B4A5A1200051493;
			productRefGroup = 4849872A1B4A5A1200051493 /* Products */;
			projectDirPath = "";
			projectRoot = "";
			targets = (
				484987281B4A5A1200051493 /* MLSwiftBasic */,
				4849873D1B4A5A1300051493 /* MLSwiftBasicTests */,
			);
		};
/* End PBXProject section */

/* Begin PBXResourcesBuildPhase section */
		484987271B4A5A1200051493 /* Resources */ = {
			isa = PBXResourcesBuildPhase;
			buildActionMask = 2147483647;
			files = (
				484987341B4A5A1200051493 /* Main.storyboard in Resources */,
				4880A3931B98B08B009D9644 /* ZLSwiftRefresh.bundle in Resources */,
				486CC1491B91BC8B00798F68 /* MLPhotoPicker.bundle in Resources */,
				484987391B4A5A1200051493 /* LaunchScreen.xib in Resources */,
				484987361B4A5A1200051493 /* Images.xcassets in Resources */,
				48EB19A61B4A6FA500F75A5F /* makezl.jpeg in Resources */,
			);
			runOnlyForDeploymentPostprocessing = 0;
		};
		4849873C1B4A5A1300051493 /* Resources */ = {
			isa = PBXResourcesBuildPhase;
			buildActionMask = 2147483647;
			files = (
			);
			runOnlyForDeploymentPostprocessing = 0;
		};
/* End PBXResourcesBuildPhase section */

/* Begin PBXSourcesBuildPhase section */
		484987251B4A5A1200051493 /* Sources */ = {
			isa = PBXSourcesBuildPhase;
			buildActionMask = 2147483647;
			files = (
				4837F3621B94620600B3FA41 /* MLPhotoPickerBrowserScrollView.swift in Sources */,
				484E246F1B93F918007C0FCB /* MLPhotoPickerBrowserViewController.swift in Sources */,
				487C43A11B97E43C001574F2 /* MB+Array.swift in Sources */,
				486DA3021B906BC000DD2DC1 /* MLPhotoAssetsViewController.swift in Sources */,
				4828C4DC1B5E7E1500DA9F52 /* MBBaseVisualViewController.swift in Sources */,
				487D67A51B5BB46E007871CF /* Demo5ViewController.swift in Sources */,
				487C43A41B97E43C001574F2 /* MBIBDesignableExtension.swift in Sources */,
				48B730F21B902BC500BB20D4 /* MLPhotoGruopViewController.swift in Sources */,
				484987671B4A665600051493 /* Demo2ViewController.swift in Sources */,
				486DA3041B906E8300DD2DC1 /* MLPhotoAssetsCell.swift in Sources */,
				484987311B4A5A1200051493 /* ViewController.swift in Sources */,
				4849872F1B4A5A1200051493 /* AppDelegate.swift in Sources */,
				48EB19AA1B4A7F0400F75A5F /* Demo4ViewController.swift in Sources */,
				4880A3961B992FEF009D9644 /* Demo9ViewController.swift in Sources */,
				4828C4DB1B5E7E1500DA9F52 /* MBBaseVisualHeaderView.swift in Sources */,
				4880A39D1B994C07009D9644 /* ZLSwiftConstDefine.swift in Sources */,
				4880A39F1B994C07009D9644 /* ZLSwiftHeadView.swift in Sources */,
				48EB19A81B4A75D600F75A5F /* Demo3ViewController.swift in Sources */,
				487C43A31B97E43C001574F2 /* MB+UIImageView.swift in Sources */,
				4828C4D31B5E7E1500DA9F52 /* MBNavigationViewController.swift in Sources */,
				4828C4E11B5E821B00DA9F52 /* MBBaseCommon.swift in Sources */,
				4828C4D11B5E7E1500DA9F52 /* MBBaseViewController.swift in Sources */,
				48B730EC1B8F20F700BB20D4 /* MLPhotoPickerDAO.swift in Sources */,
				4828C5141B60D01B00DA9F52 /* Demo8ViewController.swift in Sources */,
				484987631B4A5F4500051493 /* Demo1ViewController.swift in Sources */,
				4880A39E1B994C07009D9644 /* ZLSwiftFootView.swift in Sources */,
				487D67AC1B5BE240007871CF /* Demo6ViewController.swift in Sources */,
				488E37071B930687003C37D1 /* MLPhotoAssetsFooterView.swift in Sources */,
				480FFE7C1B5E0CD70045556A /* Demo7ViewController.swift in Sources */,
				48B730EA1B8F1F0200BB20D4 /* MLPhotoPickerViewController.swift in Sources */,
				486CC1471B91B92800798F68 /* MLPhotoCollectionView.swift in Sources */,
				48143ECE1B67804A008DE6F3 /* MLProgressHUD.swift in Sources */,
				48B730F51B90667800BB20D4 /* MLPhotoPickerGroupCell.swift in Sources */,
				487C43A21B97E43C001574F2 /* MB+UIColor.swift in Sources */,
				4828C4D21B5E7E1500DA9F52 /* MBNavigationBarView.swift in Sources */,
				4880A3A01B994C07009D9644 /* ZLSwiftRefreshExtension.swift in Sources */,
			);
			runOnlyForDeploymentPostprocessing = 0;
		};
		4849873A1B4A5A1300051493 /* Sources */ = {
			isa = PBXSourcesBuildPhase;
			buildActionMask = 2147483647;
			files = (
				484987451B4A5A1300051493 /* MLSwiftBasicTests.swift in Sources */,
			);
			runOnlyForDeploymentPostprocessing = 0;
		};
/* End PBXSourcesBuildPhase section */

/* Begin PBXTargetDependency section */
		484987401B4A5A1300051493 /* PBXTargetDependency */ = {
			isa = PBXTargetDependency;
			target = 484987281B4A5A1200051493 /* MLSwiftBasic */;
			targetProxy = 4849873F1B4A5A1300051493 /* PBXContainerItemProxy */;
		};
/* End PBXTargetDependency section */

/* Begin PBXVariantGroup section */
		484987321B4A5A1200051493 /* Main.storyboard */ = {
			isa = PBXVariantGroup;
			children = (
				484987331B4A5A1200051493 /* Base */,
			);
			name = Main.storyboard;
			sourceTree = "<group>";
		};
		484987371B4A5A1200051493 /* LaunchScreen.xib */ = {
			isa = PBXVariantGroup;
			children = (
				484987381B4A5A1200051493 /* Base */,
			);
			name = LaunchScreen.xib;
			sourceTree = "<group>";
		};
/* End PBXVariantGroup section */

/* Begin XCBuildConfiguration section */
		484987461B4A5A1300051493 /* Debug */ = {
			isa = XCBuildConfiguration;
			buildSettings = {
				ALWAYS_SEARCH_USER_PATHS = NO;
				CLANG_CXX_LANGUAGE_STANDARD = "gnu++0x";
				CLANG_CXX_LIBRARY = "libc++";
				CLANG_ENABLE_MODULES = YES;
				CLANG_ENABLE_OBJC_ARC = YES;
				CLANG_WARN_BOOL_CONVERSION = YES;
				CLANG_WARN_CONSTANT_CONVERSION = YES;
				CLANG_WARN_DIRECT_OBJC_ISA_USAGE = YES_ERROR;
				CLANG_WARN_EMPTY_BODY = YES;
				CLANG_WARN_ENUM_CONVERSION = YES;
				CLANG_WARN_INT_CONVERSION = YES;
				CLANG_WARN_OBJC_ROOT_CLASS = YES_ERROR;
				CLANG_WARN_UNREACHABLE_CODE = YES;
				CLANG_WARN__DUPLICATE_METHOD_MATCH = YES;
				"CODE_SIGN_IDENTITY[sdk=iphoneos*]" = "iPhone Developer";
				COPY_PHASE_STRIP = NO;
				DEBUG_INFORMATION_FORMAT = "dwarf-with-dsym";
				ENABLE_STRICT_OBJC_MSGSEND = YES;
				GCC_C_LANGUAGE_STANDARD = gnu99;
				GCC_DYNAMIC_NO_PIC = NO;
				GCC_NO_COMMON_BLOCKS = YES;
				GCC_OPTIMIZATION_LEVEL = 0;
				GCC_PREPROCESSOR_DEFINITIONS = (
					"DEBUG=1",
					"$(inherited)",
				);
				GCC_SYMBOLS_PRIVATE_EXTERN = NO;
				GCC_WARN_64_TO_32_BIT_CONVERSION = YES;
				GCC_WARN_ABOUT_RETURN_TYPE = YES_ERROR;
				GCC_WARN_UNDECLARED_SELECTOR = YES;
				GCC_WARN_UNINITIALIZED_AUTOS = YES_AGGRESSIVE;
				GCC_WARN_UNUSED_FUNCTION = YES;
				GCC_WARN_UNUSED_VARIABLE = YES;
				IPHONEOS_DEPLOYMENT_TARGET = 8.3;
				MTL_ENABLE_DEBUG_INFO = YES;
				ONLY_ACTIVE_ARCH = YES;
				SDKROOT = iphoneos;
				SWIFT_OPTIMIZATION_LEVEL = "-Onone";
			};
			name = Debug;
		};
		484987471B4A5A1300051493 /* Release */ = {
			isa = XCBuildConfiguration;
			buildSettings = {
				ALWAYS_SEARCH_USER_PATHS = NO;
				CLANG_CXX_LANGUAGE_STANDARD = "gnu++0x";
				CLANG_CXX_LIBRARY = "libc++";
				CLANG_ENABLE_MODULES = YES;
				CLANG_ENABLE_OBJC_ARC = YES;
				CLANG_WARN_BOOL_CONVERSION = YES;
				CLANG_WARN_CONSTANT_CONVERSION = YES;
				CLANG_WARN_DIRECT_OBJC_ISA_USAGE = YES_ERROR;
				CLANG_WARN_EMPTY_BODY = YES;
				CLANG_WARN_ENUM_CONVERSION = YES;
				CLANG_WARN_INT_CONVERSION = YES;
				CLANG_WARN_OBJC_ROOT_CLASS = YES_ERROR;
				CLANG_WARN_UNREACHABLE_CODE = YES;
				CLANG_WARN__DUPLICATE_METHOD_MATCH = YES;
				"CODE_SIGN_IDENTITY[sdk=iphoneos*]" = "iPhone Developer";
				COPY_PHASE_STRIP = NO;
				DEBUG_INFORMATION_FORMAT = "dwarf-with-dsym";
				ENABLE_NS_ASSERTIONS = NO;
				ENABLE_STRICT_OBJC_MSGSEND = YES;
				GCC_C_LANGUAGE_STANDARD = gnu99;
				GCC_NO_COMMON_BLOCKS = YES;
				GCC_WARN_64_TO_32_BIT_CONVERSION = YES;
				GCC_WARN_ABOUT_RETURN_TYPE = YES_ERROR;
				GCC_WARN_UNDECLARED_SELECTOR = YES;
				GCC_WARN_UNINITIALIZED_AUTOS = YES_AGGRESSIVE;
				GCC_WARN_UNUSED_FUNCTION = YES;
				GCC_WARN_UNUSED_VARIABLE = YES;
				IPHONEOS_DEPLOYMENT_TARGET = 8.3;
				MTL_ENABLE_DEBUG_INFO = NO;
				SDKROOT = iphoneos;
				VALIDATE_PRODUCT = YES;
			};
			name = Release;
		};
		484987491B4A5A1300051493 /* Debug */ = {
			isa = XCBuildConfiguration;
			buildSettings = {
				ASSETCATALOG_COMPILER_APPICON_NAME = AppIcon;
				INFOPLIST_FILE = MLSwiftBasic/Info.plist;
				IPHONEOS_DEPLOYMENT_TARGET = 7.0;
				LD_RUNPATH_SEARCH_PATHS = "$(inherited) @executable_path/Frameworks";
				PRODUCT_NAME = "$(TARGET_NAME)";
			};
			name = Debug;
		};
		4849874A1B4A5A1300051493 /* Release */ = {
			isa = XCBuildConfiguration;
			buildSettings = {
				ASSETCATALOG_COMPILER_APPICON_NAME = AppIcon;
				INFOPLIST_FILE = MLSwiftBasic/Info.plist;
				IPHONEOS_DEPLOYMENT_TARGET = 7.0;
				LD_RUNPATH_SEARCH_PATHS = "$(inherited) @executable_path/Frameworks";
				PRODUCT_NAME = "$(TARGET_NAME)";
			};
			name = Release;
		};
		4849874C1B4A5A1300051493 /* Debug */ = {
			isa = XCBuildConfiguration;
			buildSettings = {
				BUNDLE_LOADER = "$(TEST_HOST)";
				FRAMEWORK_SEARCH_PATHS = (
					"$(SDKROOT)/Developer/Library/Frameworks",
					"$(inherited)",
				);
				GCC_PREPROCESSOR_DEFINITIONS = (
					"DEBUG=1",
					"$(inherited)",
				);
				INFOPLIST_FILE = MLSwiftBasicTests/Info.plist;
				LD_RUNPATH_SEARCH_PATHS = "$(inherited) @executable_path/Frameworks @loader_path/Frameworks";
				PRODUCT_NAME = "$(TARGET_NAME)";
				TEST_HOST = "$(BUILT_PRODUCTS_DIR)/MLSwiftBasic.app/MLSwiftBasic";
			};
			name = Debug;
		};
		4849874D1B4A5A1300051493 /* Release */ = {
			isa = XCBuildConfiguration;
			buildSettings = {
				BUNDLE_LOADER = "$(TEST_HOST)";
				FRAMEWORK_SEARCH_PATHS = (
					"$(SDKROOT)/Developer/Library/Frameworks",
					"$(inherited)",
				);
				INFOPLIST_FILE = MLSwiftBasicTests/Info.plist;
				LD_RUNPATH_SEARCH_PATHS = "$(inherited) @executable_path/Frameworks @loader_path/Frameworks";
				PRODUCT_NAME = "$(TARGET_NAME)";
				TEST_HOST = "$(BUILT_PRODUCTS_DIR)/MLSwiftBasic.app/MLSwiftBasic";
			};
			name = Release;
		};
/* End XCBuildConfiguration section */

/* Begin XCConfigurationList section */
		484987241B4A5A1200051493 /* Build configuration list for PBXProject "MLSwiftBasic" */ = {
			isa = XCConfigurationList;
			buildConfigurations = (
				484987461B4A5A1300051493 /* Debug */,
				484987471B4A5A1300051493 /* Release */,
			);
			defaultConfigurationIsVisible = 0;
			defaultConfigurationName = Release;
		};
		484987481B4A5A1300051493 /* Build configuration list for PBXNativeTarget "MLSwiftBasic" */ = {
			isa = XCConfigurationList;
			buildConfigurations = (
				484987491B4A5A1300051493 /* Debug */,
				4849874A1B4A5A1300051493 /* Release */,
			);
			defaultConfigurationIsVisible = 0;
			defaultConfigurationName = Release;
		};
		4849874B1B4A5A1300051493 /* Build configuration list for PBXNativeTarget "MLSwiftBasicTests" */ = {
			isa = XCConfigurationList;
			buildConfigurations = (
				4849874C1B4A5A1300051493 /* Debug */,
				4849874D1B4A5A1300051493 /* Release */,
			);
			defaultConfigurationIsVisible = 0;
			defaultConfigurationName = Release;
		};
/* End XCConfigurationList section */
	};
	rootObject = 484987211B4A5A1200051493 /* Project object */;
}
